github.com/adafruit/io-client-go v0.0.0-20160613195734-2a7144dc8f4d/go.mod h1:9WCXvuZ7/KgZdbZnpgz9Gg7k3cRA/tV2kqOrCNR4R8Y=
github.com/davecgh/go-spew v1.1.1 h1:vj9j/u1bqnvCEfJOwUhtlOARqs3+rkHYY13jYWTU97c=
github.com/davecgh/go-spew v1.1.1/go.mod h1:J7Y8YcW2NihsgmVo/mv3lAwl/skON4iLHjSsI+c5H38=
github.com/google/go-querystring v0.0.0-20170111101155-53e6ce116135 h1:zLTLjkaOFEFIOxY5BWLFLwh+cL8vOBW4XJ2aqLE/Tf0=
github.com/google/go-querystring v0.0.0-20170111101155-53e6ce116135/go.mod h1:odCYkC5MyYFN7vkCjXpyrEuKhc/BUO6wN/zVPAxq5ck=
github.com/gorilla/context v1.1.1 h1:AWwleXJkX/nhcU9bZSnZoi3h/qGYqQAGhq6zZe/aQW8=
github.com/gorilla/context v1.1.1/go.mod h1:kBGZzfjB9CEq2AlWe17Uuf7NDRt0dE0s8S51q0aT7Yg=
github.com/gorilla/mux v1.6.2 h1:Pgr17XVTNXAk3q/r4CpKzC5xBM/qW1uVLV+IhRZpIIk=
github.com/gorilla/mux v1.6.2/go.mod h1:1lud6UwP+6orDFRuTfBEV8e9/aOM/c4fVVCaMa2zaAs=
github.com/pmezard/go-difflib v1.0.0 h1:4DBwDE0NGyQoBHbLQYPwSUPoCMWR5BEzIk/f1lZbAQM=
github.com/pmezard/go-difflib v1.0.0/go.mod h1:iKH77koFhYxTK1pcRnkKkqfTogsbg7gZNVY4sRDYZ/4=
github.com/stretchr/testify v1.2.2 h1:bSDNvY7ZPG5RlJ8otE/7V6gMiyenm9RtJ7IUVIAoJ1w=
github.com/stretchr/testify v1.2.2/go.mod h1:a8OnRcib4nhh0OaRAV+Yts87kKdq0PP7pXfy6kDkUVs=
github.com/tjololo/io-client-go v0.0.0-20180907223106-15a5cae0f43e h1:Cs8AylToSYCf+/me+VueK/HsnW8mwuJIjQ3QKaIGNO0=
github.com/tjololo/io-client-go v0.0.0-20180907223106-15a5cae0f43e/go.mod h1:S7/84xT1/0uDg2RfCLrre/FjsUsUaKmZj3B6ygX75hE=
github.com/tjololo/io-client-go v0.0.0-20180907223259-9457fd29e1bc h1:iH8mEOaHMdwAbSo8BZDEkIrQosGaE/jJ9DGDnoSrOFI=
github.com/tjololo/io-client-go v0.0.0-20180907223259-9457fd29e1bc/go.mod h1:S7/84xT1/0uDg2RfCLrre/FjsUsUaKmZj3B6ygX75hE=
github.com/tjololo/io-client-go v0.0.0-20180907223645-4122d3272b93 h1:cDT15zwGIDRuT0i+bv1tvVUr+Vc/ZrTGpNdevG1Ozxo=
github.com/tjololo/io-client-go v0.0.0-20180907223645-4122d3272b93/go.mod h1:S7/84xT1/0uDg2RfCLrre/FjsUsUaKmZj3B6ygX75hE=
